// !$*UTF8*$!
{
	archiveVersion = 1;
	classes = {
	};
	objectVersion = 55;
	objects = {

/* Begin PBXBuildFile section */
		3AF8342728BB4CF10019BA30 /* AppDelegate.swift in Sources */ = {isa = PBXBuildFile; fileRef = 3AF8342628BB4CF10019BA30 /* AppDelegate.swift */; };
		3AF8342928BB4CF10019BA30 /* SceneDelegate.swift in Sources */ = {isa = PBXBuildFile; fileRef = 3AF8342828BB4CF10019BA30 /* SceneDelegate.swift */; };
		3AF8342B28BB4CF10019BA30 /* ViewController.swift in Sources */ = {isa = PBXBuildFile; fileRef = 3AF8342A28BB4CF10019BA30 /* ViewController.swift */; };
		3AF8342E28BB4CF10019BA30 /* Main.storyboard in Resources */ = {isa = PBXBuildFile; fileRef = 3AF8342C28BB4CF10019BA30 /* Main.storyboard */; };
		3AF8343028BB4CF80019BA30 /* Assets.xcassets in Resources */ = {isa = PBXBuildFile; fileRef = 3AF8342F28BB4CF80019BA30 /* Assets.xcassets */; };
		3AF8343328BB4CF80019BA30 /* LaunchScreen.storyboard in Resources */ = {isa = PBXBuildFile; fileRef = 3AF8343128BB4CF80019BA30 /* LaunchScreen.storyboard */; };
		3AF8344228BB512C0019BA30 /* SnapKit in Frameworks */ = {isa = PBXBuildFile; productRef = 3AF8344128BB512C0019BA30 /* SnapKit */; };
/* End PBXBuildFile section */

/* Begin PBXFileReference section */
		3AF8342328BB4CF10019BA30 /* HW13-Khrapov.app */ = {isa = PBXFileReference; explicitFileType = wrapper.application; includeInIndex = 0; path = "HW13-Khrapov.app"; sourceTree = BUILT_PRODUCTS_DIR; };
		3AF8342628BB4CF10019BA30 /* AppDelegate.swift */ = {isa = PBXFileReference; lastKnownFileType = sourcecode.swift; path = AppDelegate.swift; sourceTree = "<group>"; };
		3AF8342828BB4CF10019BA30 /* SceneDelegate.swift */ = {isa = PBXFileReference; lastKnownFileType = sourcecode.swift; path = SceneDelegate.swift; sourceTree = "<group>"; };
		3AF8342A28BB4CF10019BA30 /* ViewController.swift */ = {isa = PBXFileReference; lastKnownFileType = sourcecode.swift; path = ViewController.swift; sourceTree = "<group>"; };
		3AF8342D28BB4CF10019BA30 /* Base */ = {isa = PBXFileReference; lastKnownFileType = file.storyboard; name = Base; path = Base.lproj/Main.storyboard; sourceTree = "<group>"; };
		3AF8342F28BB4CF80019BA30 /* Assets.xcassets */ = {isa = PBXFileReference; lastKnownFileType = folder.assetcatalog; path = Assets.xcassets; sourceTree = "<group>"; };
		3AF8343228BB4CF80019BA30 /* Base */ = {isa = PBXFileReference; lastKnownFileType = file.storyboard; name = Base; path = Base.lproj/LaunchScreen.storyboard; sourceTree = "<group>"; };
		3AF8343428BB4CF80019BA30 /* Info.plist */ = {isa = PBXFileReference; lastKnownFileType = text.plist.xml; path = Info.plist; sourceTree = "<group>"; };
/* End PBXFileReference section */

/* Begin PBXFrameworksBuildPhase section */
		3AF8342028BB4CF10019BA30 /* Frameworks */ = {
			isa = PBXFrameworksBuildPhase;
			buildActionMask = 2147483647;
			files = (
				3AF8344228BB512C0019BA30 /* SnapKit in Frameworks */,
			);
			runOnlyForDeploymentPostprocessing = 0;
		};
/* End PBXFrameworksBuildPhase section */

/* Begin PBXGroup section */
		3AF8341A28BB4CF10019BA30 = {
			isa = PBXGroup;
			children = (
				3AF8342528BB4CF10019BA30 /* HW13-Khrapov */,
				3AF8342428BB4CF10019BA30 /* Products */,
			);
			sourceTree = "<group>";
		};
		3AF8342428BB4CF10019BA30 /* Products */ = {
			isa = PBXGroup;
			children = (
				3AF8342328BB4CF10019BA30 /* HW13-Khrapov.app */,
			);
			name = Products;
			sourceTree = "<group>";
		};
		3AF8342528BB4CF10019BA30 /* HW13-Khrapov */ = {
			isa = PBXGroup;
			children = (
				3AF8343D28BB4D690019BA30 /* Sourses */,
				3AF8343A28BB4D190019BA30 /* Resourses */,
			);
			path = "HW13-Khrapov";
			sourceTree = "<group>";
		};
		3AF8343A28BB4D190019BA30 /* Resourses */ = {
			isa = PBXGroup;
			children = (
				3AF8342F28BB4CF80019BA30 /* Assets.xcassets */,
				3AF8343C28BB4D5D0019BA30 /* Storyboards */,
				3AF8343B28BB4D550019BA30 /* Configs */,
			);
			path = Resourses;
			sourceTree = "<group>";
		};
		3AF8343B28BB4D550019BA30 /* Configs */ = {
			isa = PBXGroup;
			children = (
				3AF8343428BB4CF80019BA30 /* Info.plist */,
			);
			path = Configs;
			sourceTree = "<group>";
		};
		3AF8343C28BB4D5D0019BA30 /* Storyboards */ = {
			isa = PBXGroup;
			children = (
				3AF8342C28BB4CF10019BA30 /* Main.storyboard */,
				3AF8343128BB4CF80019BA30 /* LaunchScreen.storyboard */,
			);
			path = Storyboards;
			sourceTree = "<group>";
		};
		3AF8343D28BB4D690019BA30 /* Sourses */ = {
			isa = PBXGroup;
			children = (
				3AF8343F28BB4D770019BA30 /* Scenes */,
				3AF8343E28BB4D710019BA30 /* App */,
			);
			path = Sourses;
			sourceTree = "<group>";
		};
		3AF8343E28BB4D710019BA30 /* App */ = {
			isa = PBXGroup;
			children = (
				3AF8342628BB4CF10019BA30 /* AppDelegate.swift */,
				3AF8342828BB4CF10019BA30 /* SceneDelegate.swift */,
			);
			path = App;
			sourceTree = "<group>";
		};
		3AF8343F28BB4D770019BA30 /* Scenes */ = {
			isa = PBXGroup;
			children = (
				3AF8342A28BB4CF10019BA30 /* ViewController.swift */,
			);
			path = Scenes;
			sourceTree = "<group>";
		};
/* End PBXGroup section */

/* Begin PBXNativeTarget section */
		3AF8342228BB4CF10019BA30 /* HW13-Khrapov */ = {
			isa = PBXNativeTarget;
			buildConfigurationList = 3AF8343728BB4CF80019BA30 /* Build configuration list for PBXNativeTarget "HW13-Khrapov" */;
			buildPhases = (
				3AF8341F28BB4CF10019BA30 /* Sources */,
				3AF8342028BB4CF10019BA30 /* Frameworks */,
				3AF8342128BB4CF10019BA30 /* Resources */,
			);
			buildRules = (
			);
			dependencies = (
			);
			name = "HW13-Khrapov";
			packageProductDependencies = (
				3AF8344128BB512C0019BA30 /* SnapKit */,
			);
			productName = "HW13-Khrapov";
			productReference = 3AF8342328BB4CF10019BA30 /* HW13-Khrapov.app */;
			productType = "com.apple.product-type.application";
		};
/* End PBXNativeTarget section */

/* Begin PBXProject section */
		3AF8341B28BB4CF10019BA30 /* Project object */ = {
			isa = PBXProject;
			attributes = {
				BuildIndependentTargetsInParallel = 1;
				LastSwiftUpdateCheck = 1340;
				LastUpgradeCheck = 1340;
				TargetAttributes = {
					3AF8342228BB4CF10019BA30 = {
						CreatedOnToolsVersion = 13.4.1;
					};
				};
			};
			buildConfigurationList = 3AF8341E28BB4CF10019BA30 /* Build configuration list for PBXProject "HW13-Khrapov" */;
			compatibilityVersion = "Xcode 13.0";
			developmentRegion = en;
			hasScannedForEncodings = 0;
			knownRegions = (
				en,
				Base,
			);
			mainGroup = 3AF8341A28BB4CF10019BA30;
			packageReferences = (
				3AF8344028BB512C0019BA30 /* XCRemoteSwiftPackageReference "SnapKit" */,
			);
			productRefGroup = 3AF8342428BB4CF10019BA30 /* Products */;
			projectDirPath = "";
			projectRoot = "";
			targets = (
				3AF8342228BB4CF10019BA30 /* HW13-Khrapov */,
			);
		};
/* End PBXProject section */

/* Begin PBXResourcesBuildPhase section */
		3AF8342128BB4CF10019BA30 /* Resources */ = {
			isa = PBXResourcesBuildPhase;
			buildActionMask = 2147483647;
			files = (
				3AF8343328BB4CF80019BA30 /* LaunchScreen.storyboard in Resources */,
				3AF8343028BB4CF80019BA30 /* Assets.xcassets in Resources */,
				3AF8342E28BB4CF10019BA30 /* Main.storyboard in Resources */,
			);
			runOnlyForDeploymentPostprocessing = 0;
		};
/* End PBXResourcesBuildPhase section */

/* Begin PBXSourcesBuildPhase section */
		3AF8341F28BB4CF10019BA30 /* Sources */ = {
			isa = PBXSourcesBuildPhase;
			buildActionMask = 2147483647;
			files = (
				3AF8342B28BB4CF10019BA30 /* ViewController.swift in Sources */,
				3AF8342728BB4CF10019BA30 /* AppDelegate.swift in Sources */,
				3AF8342928BB4CF10019BA30 /* SceneDelegate.swift in Sources */,
			);
			runOnlyForDeploymentPostprocessing = 0;
		};
/* End PBXSourcesBuildPhase section */

/* Begin PBXVariantGroup section */
		3AF8342C28BB4CF10019BA30 /* Main.storyboard */ = {
			isa = PBXVariantGroup;
			children = (
				3AF8342D28BB4CF10019BA30 /* Base */,
			);
			name = Main.storyboard;
			sourceTree = "<group>";
		};
		3AF8343128BB4CF80019BA30 /* LaunchScreen.storyboard */ = {
			isa = PBXVariantGroup;
			children = (
				3AF8343228BB4CF80019BA30 /* Base */,
			);
			name = LaunchScreen.storyboard;
			sourceTree = "<group>";
		};
/* End PBXVariantGroup section */

/* Begin XCBuildConfiguration section */
		3AF8343528BB4CF80019BA30 /* Debug */ = {
			isa = XCBuildConfiguration;
			buildSettings = {
				ALWAYS_SEARCH_USER_PATHS = NO;
				CLANG_ANALYZER_NONNULL = YES;
				CLANG_ANALYZER_NUMBER_OBJECT_CONVERSION = YES_AGGRESSIVE;
				CLANG_CXX_LANGUAGE_STANDARD = "gnu++17";
				CLANG_ENABLE_MODULES = YES;
				CLANG_ENABLE_OBJC_ARC = YES;
				CLANG_ENABLE_OBJC_WEAK = YES;
				CLANG_WARN_BLOCK_CAPTURE_AUTORELEASING = YES;
				CLANG_WARN_BOOL_CONVERSION = YES;
				CLANG_WARN_COMMA = YES;
				CLANG_WARN_CONSTANT_CONVERSION = YES;
				CLANG_WARN_DEPRECATED_OBJC_IMPLEMENTATIONS = YES;
				CLANG_WARN_DIRECT_OBJC_ISA_USAGE = YES_ERROR;
				CLANG_WARN_DOCUMENTATION_COMMENTS = YES;
				CLANG_WARN_EMPTY_BODY = YES;
				CLANG_WARN_ENUM_CONVERSION = YES;
				CLANG_WARN_INFINITE_RECURSION = YES;
				CLANG_WARN_INT_CONVERSION = YES;
				CLANG_WARN_NON_LITERAL_NULL_CONVERSION = YES;
				CLANG_WARN_OBJC_IMPLICIT_RETAIN_SELF = YES;
				CLANG_WARN_OBJC_LITERAL_CONVERSION = YES;
				CLANG_WARN_OBJC_ROOT_CLASS = YES_ERROR;
				CLANG_WARN_QUOTED_INCLUDE_IN_FRAMEWORK_HEADER = YES;
				CLANG_WARN_RANGE_LOOP_ANALYSIS = YES;
				CLANG_WARN_STRICT_PROTOTYPES = YES;
				CLANG_WARN_SUSPICIOUS_MOVE = YES;
				CLANG_WARN_UNGUARDED_AVAILABILITY = YES_AGGRESSIVE;
				CLANG_WARN_UNREACHABLE_CODE = YES;
				CLANG_WARN__DUPLICATE_METHOD_MATCH = YES;
				COPY_PHASE_STRIP = NO;
				DEBUG_INFORMATION_FORMAT = dwarf;
				ENABLE_STRICT_OBJC_MSGSEND = YES;
				ENABLE_TESTABILITY = YES;
				GCC_C_LANGUAGE_STANDARD = gnu11;
				GCC_DYNAMIC_NO_PIC = NO;
				GCC_NO_COMMON_BLOCKS = YES;
				GCC_OPTIMIZATION_LEVEL = 0;
				GCC_PREPROCESSOR_DEFINITIONS = (
					"DEBUG=1",
					"$(inherited)",
				);
				GCC_WARN_64_TO_32_BIT_CONVERSION = YES;
				GCC_WARN_ABOUT_RETURN_TYPE = YES_ERROR;
				GCC_WARN_UNDECLARED_SELECTOR = YES;
				GCC_WARN_UNINITIALIZED_AUTOS = YES_AGGRESSIVE;
				GCC_WARN_UNUSED_FUNCTION = YES;
				GCC_WARN_UNUSED_VARIABLE = YES;
				IPHONEOS_DEPLOYMENT_TARGET = 15.5;
				MTL_ENABLE_DEBUG_INFO = INCLUDE_SOURCE;
				MTL_FAST_MATH = YES;
				ONLY_ACTIVE_ARCH = YES;
				SDKROOT = iphoneos;
				SWIFT_ACTIVE_COMPILATION_CONDITIONS = DEBUG;
				SWIFT_OPTIMIZATION_LEVEL = "-Onone";
			};
			name = Debug;
		};
		3AF8343628BB4CF80019BA30 /* Release */ = {
			isa = XCBuildConfiguration;
			buildSettings = {
				ALWAYS_SEARCH_USER_PATHS = NO;
				CLANG_ANALYZER_NONNULL = YES;
				CLANG_ANALYZER_NUMBER_OBJECT_CONVERSION = YES_AGGRESSIVE;
				CLANG_CXX_LANGUAGE_STANDARD = "gnu++17";
				CLANG_ENABLE_MODULES = YES;
				CLANG_ENABLE_OBJC_ARC = YES;
				CLANG_ENABLE_OBJC_WEAK = YES;
				CLANG_WARN_BLOCK_CAPTURE_AUTORELEASING = YES;
				CLANG_WARN_BOOL_CONVERSION = YES;
				CLANG_WARN_COMMA = YES;
				CLANG_WARN_CONSTANT_CONVERSION = YES;
				CLANG_WARN_DEPRECATED_OBJC_IMPLEMENTATIONS = YES;
				CLANG_WARN_DIRECT_OBJC_ISA_USAGE = YES_ERROR;
				CLANG_WARN_DOCUMENTATION_COMMENTS = YES;
				CLANG_WARN_EMPTY_BODY = YES;
				CLANG_WARN_ENUM_CONVERSION = YES;
				CLANG_WARN_INFINITE_RECURSION = YES;
				CLANG_WARN_INT_CONVERSION = YES;
				CLANG_WARN_NON_LITERAL_NULL_CONVERSION = YES;
				CLANG_WARN_OBJC_IMPLICIT_RETAIN_SELF = YES;
				CLANG_WARN_OBJC_LITERAL_CONVERSION = YES;
				CLANG_WARN_OBJC_ROOT_CLASS = YES_ERROR;
				CLANG_WARN_QUOTED_INCLUDE_IN_FRAMEWORK_HEADER = YES;
				CLANG_WARN_RANGE_LOOP_ANALYSIS = YES;
				CLANG_WARN_STRICT_PROTOTYPES = YES;
				CLANG_WARN_SUSPICIOUS_MOVE = YES;
				CLANG_WARN_UNGUARDED_AVAILABILITY = YES_AGGRESSIVE;
				CLANG_WARN_UNREACHABLE_CODE = YES;
				CLANG_WARN__DUPLICATE_METHOD_MATCH = YES;
				COPY_PHASE_STRIP = NO;
				DEBUG_INFORMATION_FORMAT = "dwarf-with-dsym";
				ENABLE_NS_ASSERTIONS = NO;
				ENABLE_STRICT_OBJC_MSGSEND = YES;
				GCC_C_LANGUAGE_STANDARD = gnu11;
				GCC_NO_COMMON_BLOCKS = YES;
				GCC_WARN_64_TO_32_BIT_CONVERSION = YES;
				GCC_WARN_ABOUT_RETURN_TYPE = YES_ERROR;
				GCC_WARN_UNDECLARED_SELECTOR = YES;
				GCC_WARN_UNINITIALIZED_AUTOS = YES_AGGRESSIVE;
				GCC_WARN_UNUSED_FUNCTION = YES;
				GCC_WARN_UNUSED_VARIABLE = YES;
				IPHONEOS_DEPLOYMENT_TARGET = 15.5;
				MTL_ENABLE_DEBUG_INFO = NO;
				MTL_FAST_MATH = YES;
				SDKROOT = iphoneos;
				SWIFT_COMPILATION_MODE = wholemodule;
				SWIFT_OPTIMIZATION_LEVEL = "-O";
				VALIDATE_PRODUCT = YES;
			};
			name = Release;
		};
		3AF8343828BB4CF80019BA30 /* Debug */ = {
			isa = XCBuildConfiguration;
			buildSettings = {
				ASSETCATALOG_COMPILER_APPICON_NAME = AppIcon;
				ASSETCATALOG_COMPILER_GLOBAL_ACCENT_COLOR_NAME = AccentColor;
				CODE_SIGN_STYLE = Automatic;
				CURRENT_PROJECT_VERSION = 1;
				DEVELOPMENT_TEAM = XPDQ86R58G;
				GENERATE_INFOPLIST_FILE = YES;
				INFOPLIST_FILE = "HW13-Khrapov/Resourses/Configs/Info.plist";
				INFOPLIST_KEY_UIApplicationSupportsIndirectInputEvents = YES;
				INFOPLIST_KEY_UILaunchStoryboardName = LaunchScreen;
				INFOPLIST_KEY_UIMainStoryboardFile = Main;
				INFOPLIST_KEY_UISupportedInterfaceOrientations_iPad = "UIInterfaceOrientationPortrait UIInterfaceOrientationPortraitUpsideDown UIInterfaceOrientationLandscapeLeft UIInterfaceOrientationLandscapeRight";
				INFOPLIST_KEY_UISupportedInterfaceOrientations_iPhone = "UIInterfaceOrientationPortrait UIInterfaceOrientationLandscapeLeft UIInterfaceOrientationLandscapeRight";
				IPHONEOS_DEPLOYMENT_TARGET = 15.2;
				LD_RUNPATH_SEARCH_PATHS = (
					"$(inherited)",
					"@executable_path/Frameworks",
				);
				MARKETING_VERSION = 1.0;
				PRODUCT_BUNDLE_IDENTIFIER = "com.my.HW13-Khrapov";
				PRODUCT_NAME = "$(TARGET_NAME)";
				SWIFT_EMIT_LOC_STRINGS = YES;
				SWIFT_VERSION = 5.0;
				TARGETED_DEVICE_FAMILY = "1,2";
			};
			name = Debug;
		};
		3AF8343928BB4CF80019BA30 /* Release */ = {
			isa = XCBuildConfiguration;
			buildSettings = {
				ASSETCATALOG_COMPILER_APPICON_NAME = AppIcon;
				ASSETCATALOG_COMPILER_GLOBAL_ACCENT_COLOR_NAME = AccentColor;
				CODE_SIGN_STYLE = Automatic;
				CURRENT_PROJECT_VERSION = 1;
				DEVELOPMENT_TEAM = XPDQ86R58G;
				GENERATE_INFOPLIST_FILE = YES;
				INFOPLIST_FILE = "HW13-Khrapov/Resourses/Configs/Info.plist";
				INFOPLIST_KEY_UIApplicationSupportsIndirectInputEvents = YES;
				INFOPLIST_KEY_UILaunchStoryboardName = LaunchScreen;
				INFOPLIST_KEY_UIMainStoryboardFile = Main;
				INFOPLIST_KEY_UISupportedInterfaceOrientations_iPad = "UIInterfaceOrientationPortrait UIInterfaceOrientationPortraitUpsideDown UIInterfaceOrientationLandscapeLeft UIInterfaceOrientationLandscapeRight";
				INFOPLIST_KEY_UISupportedInterfaceOrientations_iPhone = "UIInterfaceOrientationPortrait UIInterfaceOrientationLandscapeLeft UIInterfaceOrientationLandscapeRight";
				IPHONEOS_DEPLOYMENT_TARGET = 15.2;
				LD_RUNPATH_SEARCH_PATHS = (
					"$(inherited)",
					"@executable_path/Frameworks",
				);
				MARKETING_VERSION = 1.0;
				PRODUCT_BUNDLE_IDENTIFIER = "com.my.HW13-Khrapov";
				PRODUCT_NAME = "$(TARGET_NAME)";
				SWIFT_EMIT_LOC_STRINGS = YES;
				SWIFT_VERSION = 5.0;
				TARGETED_DEVICE_FAMILY = "1,2";
			};
			name = Release;
		};
/* End XCBuildConfiguration section */

/* Begin XCConfigurationList section */
		3AF8341E28BB4CF10019BA30 /* Build configuration list for PBXProject "HW13-Khrapov" */ = {
			isa = XCConfigurationList;
			buildConfigurations = (
				3AF8343528BB4CF80019BA30 /* Debug */,
				3AF8343628BB4CF80019BA30 /* Release */,
			);
			defaultConfigurationIsVisible = 0;
			defaultConfigurationName = Release;
		};
		3AF8343728BB4CF80019BA30 /* Build configuration list for PBXNativeTarget "HW13-Khrapov" */ = {
			isa = XCConfigurationList;
			buildConfigurations = (
				3AF8343828BB4CF80019BA30 /* Debug */,
				3AF8343928BB4CF80019BA30 /* Release */,
			);
			defaultConfigurationIsVisible = 0;
			defaultConfigurationName = Release;
		};
/* End XCConfigurationList section */

/* Begin XCRemoteSwiftPackageReference section */
		3AF8344028BB512C0019BA30 /* XCRemoteSwiftPackageReference "SnapKit" */ = {
			isa = XCRemoteSwiftPackageReference;
			repositoryURL = "https://github.com/SnapKit/SnapKit.git";
			requirement = {
				branch = develop;
				kind = branch;
			};
		};
/* End XCRemoteSwiftPackageReference section */

/* Begin XCSwiftPackageProductDependency section */
		3AF8344128BB512C0019BA30 /* SnapKit */ = {
			isa = XCSwiftPackageProductDependency;
			package = 3AF8344028BB512C0019BA30 /* XCRemoteSwiftPackageReference "SnapKit" */;
			productName = SnapKit;
		};
/* End XCSwiftPackageProductDependency section */
	};
	rootObject = 3AF8341B28BB4CF10019BA30 /* Project object */;
}
